
Microsoft Visual Studio Solution File, Format Version 12.00
# Visual Studio 15
VisualStudioVersion = 15.0.27004.2002
MinimumVisualStudioVersion = 10.0.40219.1
Project("{FAE04EC0-301F-11D3-BF4B-00C04F79EFBC}") = "CherrieCoutureApi", "CherrieCoutureApi\CherrieCoutureApi.csproj", "{977083F1-06FB-478D-ADAA-8595633D28F6}"
EndProject
Project("{FAE04EC0-301F-11D3-BF4B-00C04F79EFBC}") = "CherrieCouture.Domain", "CherrieCouture.Domain\CherrieCouture.Domain.csproj", "{82BD326F-95F7-40B2-8A42-5333033959CA}"
EndProject
Global
	GlobalSection(SolutionConfigurationPlatforms) = preSolution
		Debug|Any CPU = Debug|Any CPU
		Release|Any CPU = Release|Any CPU
	EndGlobalSection
	GlobalSection(ProjectConfigurationPlatforms) = postSolution
		{977083F1-06FB-478D-ADAA-8595633D28F6}.Debug|Any CPU.ActiveCfg = Debug|Any CPU
		{977083F1-06FB-478D-ADAA-8595633D28F6}.Debug|Any CPU.Build.0 = Debug|Any CPU
		{977083F1-06FB-478D-ADAA-8595633D28F6}.Release|Any CPU.ActiveCfg = Release|Any CPU
		{977083F1-06FB-478D-ADAA-8595633D28F6}.Release|Any CPU.Build.0 = Release|Any CPU
		{82BD326F-95F7-40B2-8A42-5333033959CA}.Debug|Any CPU.ActiveCfg = Debug|Any CPU
		{82BD326F-95F7-40B2-8A42-5333033959CA}.Debug|Any CPU.Build.0 = Debug|Any CPU
		{82BD326F-95F7-40B2-8A42-5333033959CA}.Release|Any CPU.ActiveCfg = Release|Any CPU
		{82BD326F-95F7-40B2-8A42-5333033959CA}.Release|Any CPU.Build.0 = Release|Any CPU
	EndGlobalSection
	GlobalSection(SolutionProperties) = preSolution
		HideSolutionNode = FALSE
	EndGlobalSection
	GlobalSection(ExtensibilityGlobals) = postSolution
		SolutionGuid = {E1FA3A40-D5DD-42EC-9BC9-51A0EE14FE5B}
	EndGlobalSection
EndGlobal
